{
  "pins" : [
    {
      "identity" : "samplebuildtool",
      "kind" : "remoteSourceControl",
      "location" : "https://github.com/zunda-pixel/SampleBuildTool",
      "state" : {
        "branch" : "main",
        "revision" : "c5781cdf4a4a11b60602d0936b49b4d1535e0cb3"
      }
    },
    {
      "identity" : "swift-argument-parser",
      "kind" : "remoteSourceControl",
      "location" : "https://github.com/apple/swift-argument-parser",
      "state" : {
        "branch" : "main",
        "revision" : "255ef663831e9f10cc7b5b6bf74b5708605084a3"
      }
    }
  ],
  "version" : 2
}
