{
  "pins" : [
    {
      "identity" : "samplebuildtool",
      "kind" : "remoteSourceControl",
      "location" : "https://github.com/zunda-pixel/SampleBuildTool",
      "state" : {
        "branch" : "main",
        "revision" : "022173b9dc817e2d00865fd12158d7031eedaf28"
      }
    }
  ],
  "version" : 2
}
